
Microsoft Visual Studio Solution File, Format Version 12.00
# Visual Studio Version 17
VisualStudioVersion = 17.8.34330.188
MinimumVisualStudioVersion = 10.0.40219.1
Project("{9A19103F-16F7-4668-BE54-9A1E7A4F7556}") = "ToyRobot", "ToyRobot\ToyRobot.csproj", "{3E9807F7-847A-427B-BB43-D9AC266127D7}"
EndProject
Project("{9A19103F-16F7-4668-BE54-9A1E7A4F7556}") = "ToyRobotTests", "ToyRobotTests\ToyRobotTests.csproj", "{8742441B-60CD-4526-8A18-C9180B90E420}"
EndProject
Project("{FAE04EC0-301F-11D3-BF4B-00C04F79EFBC}") = "ToyRobotLibrary", "ToyRobotLibrary\ToyRobotLibrary.csproj", "{6FAA9EE4-E59B-4F5D-A1C4-60DB30DF262B}"
EndProject
Global
	GlobalSection(SolutionConfigurationPlatforms) = preSolution
		Debug|Any CPU = Debug|Any CPU
		Release|Any CPU = Release|Any CPU
	EndGlobalSection
	GlobalSection(ProjectConfigurationPlatforms) = postSolution
		{3E9807F7-847A-427B-BB43-D9AC266127D7}.Debug|Any CPU.ActiveCfg = Debug|Any CPU
		{3E9807F7-847A-427B-BB43-D9AC266127D7}.Debug|Any CPU.Build.0 = Debug|Any CPU
		{3E9807F7-847A-427B-BB43-D9AC266127D7}.Release|Any CPU.ActiveCfg = Release|Any CPU
		{3E9807F7-847A-427B-BB43-D9AC266127D7}.Release|Any CPU.Build.0 = Release|Any CPU
		{8742441B-60CD-4526-8A18-C9180B90E420}.Debug|Any CPU.ActiveCfg = Debug|Any CPU
		{8742441B-60CD-4526-8A18-C9180B90E420}.Debug|Any CPU.Build.0 = Debug|Any CPU
		{8742441B-60CD-4526-8A18-C9180B90E420}.Release|Any CPU.ActiveCfg = Release|Any CPU
		{8742441B-60CD-4526-8A18-C9180B90E420}.Release|Any CPU.Build.0 = Release|Any CPU
		{6FAA9EE4-E59B-4F5D-A1C4-60DB30DF262B}.Debug|Any CPU.ActiveCfg = Debug|Any CPU
		{6FAA9EE4-E59B-4F5D-A1C4-60DB30DF262B}.Debug|Any CPU.Build.0 = Debug|Any CPU
		{6FAA9EE4-E59B-4F5D-A1C4-60DB30DF262B}.Release|Any CPU.ActiveCfg = Release|Any CPU
		{6FAA9EE4-E59B-4F5D-A1C4-60DB30DF262B}.Release|Any CPU.Build.0 = Release|Any CPU
	EndGlobalSection
	GlobalSection(SolutionProperties) = preSolution
		HideSolutionNode = FALSE
	EndGlobalSection
	GlobalSection(ExtensibilityGlobals) = postSolution
		SolutionGuid = {2C5BC05E-E931-46B0-810C-40C0E653A0C8}
	EndGlobalSection
EndGlobal
